lockfileVersion: '9.0'

settings:
  autoInstallPeers: true
  excludeLinksFromLockfile: false

catalogs:
  default:
    is-negative:
      specifier: zkochan/is-negative#2.0.1
      version: 2.0.1
    is-positive:
      specifier: kevva/is-positive#16fd36fe96106175d02d066171c44e2ff83bc055
      version: 3.0.0
    is-string-custom:
      specifier: npm:is-string@1.1.1
      version: 1.1.1
    react:
      specifier: 18.1.0
      version: 18.1.0
  react17:
    react:
      specifier: ^17.0.2
      version: 17.0.2
    react-dom:
      specifier: ^17.0.2
      version: 17.0.2

importers:

  .: {}

  pkg-a:
    dependencies:
      is-negative:
        specifier: 'catalog:'
        version: https://codeload.github.com/zkochan/is-negative/tar.gz/2fa0531ab04e300a24ef4fd7fb3a280eccb7ccc5
      is-positive:
        specifier: 'catalog:'
        version: https://codeload.github.com/kevva/is-positive/tar.gz/16fd36fe96106175d02d066171c44e2ff83bc055
      is-string-custom:
        specifier: 'catalog:'
        version: is-string@1.1.1
      react:
        specifier: 'catalog:'
        version: 18.1.0
    devDependencies:
      prettier:
        specifier: 3.2.0
        version: 3.2.0

  pkg-b:
    dependencies:
      react:
        specifier: catalog:react17
        version: 17.0.2
      react-dom:
        specifier: catalog:react17
        version: 17.0.2(react@17.0.2)

packages:

  call-bind-apply-helpers@1.0.1:
    resolution: {integrity: sha512-BhYE+WDaywFg2TBWYNXAE+8B1ATnThNBqXHP5nQu0jWJdVvY2hvkpyB3qOmtmDePiS5/BDQ8wASEWGMWRG148g==}
    engines: {node: '>= 0.4'}

  call-bound@1.0.3:
    resolution: {integrity: sha512-YTd+6wGlNlPxSuri7Y6X8tY2dmm12UMH66RpKMhiX6rsk5wXXnYgbUcOt8kiS31/AjfoTOvCsE+w8nZQLQnzHA==}
    engines: {node: '>= 0.4'}

  dunder-proto@1.0.1:
    resolution: {integrity: sha512-KIN/nDJBQRcXw0MLVhZE9iQHmG68qAVIBg9CqmUYjmQIhgij9U5MFvrqkUL5FbtyyzZuOeOt0zdeRe4UY7ct+A==}
    engines: {node: '>= 0.4'}

  es-define-property@1.0.1:
    resolution: {integrity: sha512-e3nRfgfUZ4rNGL232gUgX06QNyyez04KdjFrF+LTRoOXmrOgFKDg4BCdsjW8EnT69eqdYGmRpJwiPVYNrCaW3g==}
    engines: {node: '>= 0.4'}

  es-errors@1.3.0:
    resolution: {integrity: sha512-Zf5H2Kxt2xjTvbJvP2ZWLEICxA6j+hAmMzIlypy4xcBg1vKVnx89Wy0GbS+kf5cwCVFFzdCFh2XSCFNULS6csw==}
    engines: {node: '>= 0.4'}

  es-object-atoms@1.1.0:
    resolution: {integrity: sha512-Ujz8Al/KfOVR7fkaghAB1WvnLsdYxHDWmfoi2vlA2jZWRg31XhIC1a4B+/I24muD8iSbHxJ1JkrfqmWb65P/Mw==}
    engines: {node: '>= 0.4'}

  function-bind@1.1.2:
    resolution: {integrity: sha512-7XHNxH7qX9xG5mIwxkhumTox/MIRNcOgDrxWsMt2pAr23WHp6MrRlN7FBSFpCpr+oVO0F744iUgR82nJMfG2SA==}

  get-intrinsic@1.2.7:
    resolution: {integrity: sha512-VW6Pxhsrk0KAOqs3WEd0klDiF/+V7gQOpAvY1jVU/LHmaD/kQO4523aiJuikX/QAKYiW6x8Jh+RJej1almdtCA==}
    engines: {node: '>= 0.4'}

  get-proto@1.0.1:
    resolution: {integrity: sha512-sTSfBjoXBp89JvIKIefqw7U2CCebsc74kiY6awiGogKtoSGbgjYE/G/+l9sF3MWFPNc9IcoOC4ODfKHfxFmp0g==}
    engines: {node: '>= 0.4'}

  gopd@1.2.0:
    resolution: {integrity: sha512-ZUKRh6/kUFoAiTAtTYPZJ3hw9wNxx+BIBOijnlG9PnrJsCcSjs1wyyD6vJpaYtgnzDrKYRSqf3OO6Rfa93xsRg==}
    engines: {node: '>= 0.4'}

  has-symbols@1.1.0:
    resolution: {integrity: sha512-1cDNdwJ2Jaohmb3sg4OmKaMBwuC48sYni5HUw2DvsC8LjGTLK9h+eb1X6RyuOHe4hT0ULCW68iomhjUoKUqlPQ==}
    engines: {node: '>= 0.4'}

  has-tostringtag@1.0.2:
    resolution: {integrity: sha512-NqADB8VjPFLM2V0VvHUewwwsw0ZWBaIdgo+ieHtK3hasLz4qeCRjYcqfB6AQrBggRKppKF8L52/VqdVsO47Dlw==}
    engines: {node: '>= 0.4'}

  hasown@2.0.2:
    resolution: {integrity: sha512-0hJU9SCPvmMzIBdZFqNPXWa6dqh7WdH0cII9y+CyS8rG3nL48Bclra9HmKhVVUHyPWNH5Y7xDwAB7bfgSjkUMQ==}
    engines: {node: '>= 0.4'}

  is-negative@https://codeload.github.com/zkochan/is-negative/tar.gz/2fa0531ab04e300a24ef4fd7fb3a280eccb7ccc5:
    resolution: {tarball: https://codeload.github.com/zkochan/is-negative/tar.gz/2fa0531ab04e300a24ef4fd7fb3a280eccb7ccc5}
    version: 2.0.1
    engines: {node: '>=0.10.0'}

  is-positive@https://codeload.github.com/kevva/is-positive/tar.gz/16fd36fe96106175d02d066171c44e2ff83bc055:
    resolution: {tarball: https://codeload.github.com/kevva/is-positive/tar.gz/16fd36fe96106175d02d066171c44e2ff83bc055}
    version: 3.0.0
    engines: {node: '>=0.10.0'}

  is-string@1.1.1:
    resolution: {integrity: sha512-BtEeSsoaQjlSPBemMQIrY1MY0uM6vnS1g5fmufYOtnxLGUZM2178PKbhsk7Ffv58IX+ZtcvoGwccYsh0PglkAA==}
    engines: {node: '>= 0.4'}

  js-tokens@4.0.0:
    resolution: {integrity: sha512-RdJUflcE3cUzKiMqQgsCu06FPu9UdIJO0beYbPhHN4k6apgJtifcoCtT9bcxOpYBtpD2kCM6Sbzg4CausW/PKQ==}

  loose-envify@1.4.0:
    resolution: {integrity: sha512-lyuxPGr/Wfhrlem2CL/UcnUc1zcqKAImBDzukY7Y5F/yQiNdko6+fRLevlw1HgMySw7f611UIY408EtxRSoK3Q==}
    hasBin: true

  math-intrinsics@1.1.0:
    resolution: {integrity: sha512-/IXtbwEk5HTPyEwyKX6hGkYXxM9nbj64B+ilVJnC/R6B0pH5G4V3b0pVbL7DBj4tkhBAppbQUlf6F6Xl9LHu1g==}
    engines: {node: '>= 0.4'}

  object-assign@4.1.1:
    resolution: {integrity: sha512-rJgTQnkUnH1sFw8yT6VSU3zD3sWmu6sZhIseY8VX+GRu3P6F7Fu+JNDoXfklElbLJSnc3FUQHVe4cU5hj+BcUg==}
    engines: {node: '>=0.10.0'}

  prettier@3.2.0:
    resolution: {integrity: sha512-/vBUecTGaPlRVwyZVROVC58bYIScqaoEJzZmzQXXrZOzqn0TwWz0EnOozOlFO/YAImRnb7XsKpTCd3m1SjS2Ww==}
    engines: {node: '>=14'}
    hasBin: true

  react-dom@17.0.2:
    resolution: {integrity: sha512-s4h96KtLDUQlsENhMn1ar8t2bEa+q/YAtj8pPPdIjPDGBDIVNsrD9aXNWqspUe6AzKCIG0C1HZZLqLV7qpOBGA==}
    peerDependencies:
      react: 17.0.2

  react@17.0.2:
    resolution: {integrity: sha512-gnhPt75i/dq/z3/6q/0asP78D0u592D5L1pd7M8P+dck6Fu/jJeL6iVVK23fptSUZj8Vjf++7wXA8UNclGQcbA==}
    engines: {node: '>=0.10.0'}

  react@18.1.0:
    resolution: {integrity: sha512-4oL8ivCz5ZEPyclFQXaNksK3adutVS8l2xzZU0cqEFrE9Sb7fC0EFK5uEk74wIreL1DERyjvsU915j1pcT2uEQ==}
    engines: {node: '>=0.10.0'}

  scheduler@0.20.2:
    resolution: {integrity: sha512-2eWfGgAqqWFGqtdMmcL5zCMK1U8KlXv8SQFGglL3CEtd0aDVDWgeF/YoCmvln55m5zSk3J/20hTaSBeSObsQDQ==}

snapshots:

  call-bind-apply-helpers@1.0.1:
    dependencies:
      es-errors: 1.3.0
      function-bind: 1.1.2

  call-bound@1.0.3:
    dependencies:
      call-bind-apply-helpers: 1.0.1
      get-intrinsic: 1.2.7

  dunder-proto@1.0.1:
    dependencies:
      call-bind-apply-helpers: 1.0.1
      es-errors: 1.3.0
      gopd: 1.2.0

  es-define-property@1.0.1: {}

  es-errors@1.3.0: {}

  es-object-atoms@1.1.0:
    dependencies:
      es-errors: 1.3.0

  function-bind@1.1.2: {}

  get-intrinsic@1.2.7:
    dependencies:
      call-bind-apply-helpers: 1.0.1
      es-define-property: 1.0.1
      es-errors: 1.3.0
      es-object-atoms: 1.1.0
      function-bind: 1.1.2
      get-proto: 1.0.1
      gopd: 1.2.0
      has-symbols: 1.1.0
      hasown: 2.0.2
      math-intrinsics: 1.1.0

  get-proto@1.0.1:
    dependencies:
      dunder-proto: 1.0.1
      es-object-atoms: 1.1.0

  gopd@1.2.0: {}

  has-symbols@1.1.0: {}

  has-tostringtag@1.0.2:
    dependencies:
      has-symbols: 1.1.0

  hasown@2.0.2:
    dependencies:
      function-bind: 1.1.2

  is-negative@https://codeload.github.com/zkochan/is-negative/tar.gz/2fa0531ab04e300a24ef4fd7fb3a280eccb7ccc5: {}

  is-positive@https://codeload.github.com/kevva/is-positive/tar.gz/16fd36fe96106175d02d066171c44e2ff83bc055: {}

  is-string@1.1.1:
    dependencies:
      call-bound: 1.0.3
      has-tostringtag: 1.0.2

  js-tokens@4.0.0: {}

  loose-envify@1.4.0:
    dependencies:
      js-tokens: 4.0.0

  math-intrinsics@1.1.0: {}

  object-assign@4.1.1: {}

  prettier@3.2.0: {}

  react-dom@17.0.2(react@17.0.2):
    dependencies:
      loose-envify: 1.4.0
      object-assign: 4.1.1
      react: 17.0.2
      scheduler: 0.20.2

  react@17.0.2:
    dependencies:
      loose-envify: 1.4.0
      object-assign: 4.1.1

  react@18.1.0:
    dependencies:
      loose-envify: 1.4.0

  scheduler@0.20.2:
    dependencies:
      loose-envify: 1.4.0
      object-assign: 4.1.1
