lockfileVersion: '9.0'

settings:
  autoInstallPeers: true
  excludeLinksFromLockfile: false

catalogs:
  default:
    is-negative:
      specifier: zkochan/is-negative#2.0.1
      version: 2.0.1
    is-positive:
      specifier: kevva/is-positive#97edff6f525f192a3f83cea1944765f769ae2678
      version: 3.1.0
    is-string-custom:
      specifier: npm:is-string@1.0.0
      version: 1.0.0
    react:
      specifier: 18.1.0
      version: 18.1.0
  react17:
    react:
      specifier: ^17.0.2
      version: 17.0.2
    react-dom:
      specifier: ^17.0.2
      version: 17.0.2

importers:

  .: {}

  pkg-a:
    dependencies:
      is-negative:
        specifier: 'catalog:'
        version: https://codeload.github.com/zkochan/is-negative/tar.gz/2fa0531ab04e300a24ef4fd7fb3a280eccb7ccc5
      is-positive:
        specifier: 'catalog:'
        version: https://codeload.github.com/kevva/is-positive/tar.gz/97edff6f525f192a3f83cea1944765f769ae2678
      is-string-custom:
        specifier: 'catalog:'
        version: is-string@1.0.0
      react:
        specifier: 'catalog:'
        version: 18.1.0
    devDependencies:
      prettier:
        specifier: 3.2.0
        version: 3.2.0

  pkg-b:
    dependencies:
      react:
        specifier: catalog:react17
        version: 17.0.2
      react-dom:
        specifier: catalog:react17
        version: 17.0.2(react@17.0.2)

packages:

  is-negative@https://codeload.github.com/zkochan/is-negative/tar.gz/2fa0531ab04e300a24ef4fd7fb3a280eccb7ccc5:
    resolution: {tarball: https://codeload.github.com/zkochan/is-negative/tar.gz/2fa0531ab04e300a24ef4fd7fb3a280eccb7ccc5}
    version: 2.0.1
    engines: {node: '>=0.10.0'}

  is-positive@https://codeload.github.com/kevva/is-positive/tar.gz/97edff6f525f192a3f83cea1944765f769ae2678:
    resolution: {tarball: https://codeload.github.com/kevva/is-positive/tar.gz/97edff6f525f192a3f83cea1944765f769ae2678}
    version: 3.1.0
    engines: {node: '>=0.10.0'}

  is-string@1.0.0:
    resolution: {integrity: sha512-6SIfYVTmaaKLrmsqZy7kW7MLcGCbAJyS0i6jBWKq1iyTJoQDPT//Es3piZf0sjkmT1zuijDbUeXCLWOsXoKiSA==}
    engines: {node: '>= 0.4'}

  js-tokens@4.0.0:
    resolution: {integrity: sha512-RdJUflcE3cUzKiMqQgsCu06FPu9UdIJO0beYbPhHN4k6apgJtifcoCtT9bcxOpYBtpD2kCM6Sbzg4CausW/PKQ==}

  loose-envify@1.4.0:
    resolution: {integrity: sha512-lyuxPGr/Wfhrlem2CL/UcnUc1zcqKAImBDzukY7Y5F/yQiNdko6+fRLevlw1HgMySw7f611UIY408EtxRSoK3Q==}
    hasBin: true

  object-assign@4.1.1:
    resolution: {integrity: sha512-rJgTQnkUnH1sFw8yT6VSU3zD3sWmu6sZhIseY8VX+GRu3P6F7Fu+JNDoXfklElbLJSnc3FUQHVe4cU5hj+BcUg==}
    engines: {node: '>=0.10.0'}

  prettier@3.2.0:
    resolution: {integrity: sha512-/vBUecTGaPlRVwyZVROVC58bYIScqaoEJzZmzQXXrZOzqn0TwWz0EnOozOlFO/YAImRnb7XsKpTCd3m1SjS2Ww==}
    engines: {node: '>=14'}
    hasBin: true

  react-dom@17.0.2:
    resolution: {integrity: sha512-s4h96KtLDUQlsENhMn1ar8t2bEa+q/YAtj8pPPdIjPDGBDIVNsrD9aXNWqspUe6AzKCIG0C1HZZLqLV7qpOBGA==}
    peerDependencies:
      react: 17.0.2

  react@17.0.2:
    resolution: {integrity: sha512-gnhPt75i/dq/z3/6q/0asP78D0u592D5L1pd7M8P+dck6Fu/jJeL6iVVK23fptSUZj8Vjf++7wXA8UNclGQcbA==}
    engines: {node: '>=0.10.0'}

  react@18.1.0:
    resolution: {integrity: sha512-4oL8ivCz5ZEPyclFQXaNksK3adutVS8l2xzZU0cqEFrE9Sb7fC0EFK5uEk74wIreL1DERyjvsU915j1pcT2uEQ==}
    engines: {node: '>=0.10.0'}

  scheduler@0.20.2:
    resolution: {integrity: sha512-2eWfGgAqqWFGqtdMmcL5zCMK1U8KlXv8SQFGglL3CEtd0aDVDWgeF/YoCmvln55m5zSk3J/20hTaSBeSObsQDQ==}

snapshots:

  is-negative@https://codeload.github.com/zkochan/is-negative/tar.gz/2fa0531ab04e300a24ef4fd7fb3a280eccb7ccc5: {}

  is-positive@https://codeload.github.com/kevva/is-positive/tar.gz/97edff6f525f192a3f83cea1944765f769ae2678: {}

  is-string@1.0.0: {}

  js-tokens@4.0.0: {}

  loose-envify@1.4.0:
    dependencies:
      js-tokens: 4.0.0

  object-assign@4.1.1: {}

  prettier@3.2.0: {}

  react-dom@17.0.2(react@17.0.2):
    dependencies:
      loose-envify: 1.4.0
      object-assign: 4.1.1
      react: 17.0.2
      scheduler: 0.20.2

  react@17.0.2:
    dependencies:
      loose-envify: 1.4.0
      object-assign: 4.1.1

  react@18.1.0:
    dependencies:
      loose-envify: 1.4.0

  scheduler@0.20.2:
    dependencies:
      loose-envify: 1.4.0
      object-assign: 4.1.1
